// !$*UTF8*$!
{
	archiveVersion = 1;
	classes = {
	};
	objectVersion = 77;
	objects = {

/* Begin PBXBuildFile section */
		84DA5B862C9B3198003DAA7B /* AppDelegate.swift in Sources */ = {isa = PBXBuildFile; fileRef = 84DA5B7E2C9B3198003DAA7B /* AppDelegate.swift */; };
		84DA5B872C9B3198003DAA7B /* SceneDelegate.swift in Sources */ = {isa = PBXBuildFile; fileRef = 84DA5B832C9B3198003DAA7B /* SceneDelegate.swift */; };
		84DA5B892C9B3198003DAA7B /* Assets.xcassets in Resources */ = {isa = PBXBuildFile; fileRef = 84DA5B7F2C9B3198003DAA7B /* Assets.xcassets */; };
		84DA5B8B2C9B3198003DAA7B /* LaunchScreen.storyboard in Resources */ = {isa = PBXBuildFile; fileRef = 84DA5B822C9B3198003DAA7B /* LaunchScreen.storyboard */; };
		84DA5B982C9B3252003DAA7B /* BindView.swift in Sources */ = {isa = PBXBuildFile; fileRef = 84DA5B972C9B3250003DAA7B /* BindView.swift */; };
		84DA5B9A2C9B3264003DAA7B /* BindViewController.swift in Sources */ = {isa = PBXBuildFile; fileRef = 84DA5B992C9B3262003DAA7B /* BindViewController.swift */; };
		84DA5B9C2C9B327E003DAA7B /* ModelEntityMapProtocol.swift in Sources */ = {isa = PBXBuildFile; fileRef = 84DA5B9B2C9B327D003DAA7B /* ModelEntityMapProtocol.swift */; };
		84DA5B9E2C9B3298003DAA7B /* SpritesModel.swift in Sources */ = {isa = PBXBuildFile; fileRef = 84DA5B9D2C9B3296003DAA7B /* SpritesModel.swift */; };
		84DA5BA02C9B32AE003DAA7B /* PokemonDetailModel.swift in Sources */ = {isa = PBXBuildFile; fileRef = 84DA5B9F2C9B32AD003DAA7B /* PokemonDetailModel.swift */; };
		84DA5BA22C9B32C2003DAA7B /* PokemonListModel.swift in Sources */ = {isa = PBXBuildFile; fileRef = 84DA5BA12C9B32C1003DAA7B /* PokemonListModel.swift */; };
		84DA5BA42C9B32DC003DAA7B /* FavouriteStorageService.swift in Sources */ = {isa = PBXBuildFile; fileRef = 84DA5BA32C9B32DB003DAA7B /* FavouriteStorageService.swift */; };
		84DA5BA62C9B32EF003DAA7B /* DetailStorageService.swift in Sources */ = {isa = PBXBuildFile; fileRef = 84DA5BA52C9B32EE003DAA7B /* DetailStorageService.swift */; };
		84DA5BA82C9B3305003DAA7B /* DetailApiService.swift in Sources */ = {isa = PBXBuildFile; fileRef = 84DA5BA72C9B3304003DAA7B /* DetailApiService.swift */; };
		84DA5BAA2C9B3317003DAA7B /* HomeApiService.swift in Sources */ = {isa = PBXBuildFile; fileRef = 84DA5BA92C9B3316003DAA7B /* HomeApiService.swift */; };
		84DA5BAC2C9B333D003DAA7B /* StorageProvider.swift in Sources */ = {isa = PBXBuildFile; fileRef = 84DA5BAB2C9B333C003DAA7B /* StorageProvider.swift */; };
		84DA5BAE2C9B3356003DAA7B /* NetworkProvider.swift in Sources */ = {isa = PBXBuildFile; fileRef = 84DA5BAD2C9B3355003DAA7B /* NetworkProvider.swift */; };
		84DA5BB02C9B336C003DAA7B /* Constant.swift in Sources */ = {isa = PBXBuildFile; fileRef = 84DA5BAF2C9B336B003DAA7B /* Constant.swift */; };
		84DA5BB22C9B337E003DAA7B /* Loader.swift in Sources */ = {isa = PBXBuildFile; fileRef = 84DA5BB12C9B337C003DAA7B /* Loader.swift */; };
		84DA5BB42C9B338F003DAA7B /* BaseNavigationController.swift in Sources */ = {isa = PBXBuildFile; fileRef = 84DA5BB32C9B338D003DAA7B /* BaseNavigationController.swift */; };
		84DA5BB62C9B33A4003DAA7B /* UIImageView.swift in Sources */ = {isa = PBXBuildFile; fileRef = 84DA5BB52C9B33A3003DAA7B /* UIImageView.swift */; };
		84DA5BB92C9B33CD003DAA7B /* Kingfisher in Frameworks */ = {isa = PBXBuildFile; productRef = 84DA5BB82C9B33CD003DAA7B /* Kingfisher */; };
		84DA5BBC2C9B33E1003DAA7B /* SVProgressHUD in Frameworks */ = {isa = PBXBuildFile; productRef = 84DA5BBB2C9B33E1003DAA7B /* SVProgressHUD */; };
		84DA5BC02C9B3419003DAA7B /* FavouriteViewController.swift in Sources */ = {isa = PBXBuildFile; fileRef = 84DA5BBF2C9B3418003DAA7B /* FavouriteViewController.swift */; };
		84DA5BC22C9B342B003DAA7B /* FavouriteView.swift in Sources */ = {isa = PBXBuildFile; fileRef = 84DA5BC12C9B342A003DAA7B /* FavouriteView.swift */; };
		84DA5BC42C9B343E003DAA7B /* DetailViewController.swift in Sources */ = {isa = PBXBuildFile; fileRef = 84DA5BC32C9B343D003DAA7B /* DetailViewController.swift */; };
		84DA5BC62C9B3452003DAA7B /* DetailView.swift in Sources */ = {isa = PBXBuildFile; fileRef = 84DA5BC52C9B3451003DAA7B /* DetailView.swift */; };
		84DA5BC82C9B3465003DAA7B /* HomeViewController.swift in Sources */ = {isa = PBXBuildFile; fileRef = 84DA5BC72C9B3464003DAA7B /* HomeViewController.swift */; };
		84DA5BCA2C9B3476003DAA7B /* HomeView.swift in Sources */ = {isa = PBXBuildFile; fileRef = 84DA5BC92C9B3475003DAA7B /* HomeView.swift */; };
		84DA5BCC2C9B3490003DAA7B /* FavouriteViewCell.swift in Sources */ = {isa = PBXBuildFile; fileRef = 84DA5BCB2C9B348F003DAA7B /* FavouriteViewCell.swift */; };
		84DA5BCE2C9B34A3003DAA7B /* HomeViewCell.swift in Sources */ = {isa = PBXBuildFile; fileRef = 84DA5BCD2C9B34A2003DAA7B /* HomeViewCell.swift */; };
		84DA5BD02C9B34BB003DAA7B /* FavouriteViewModel.swift in Sources */ = {isa = PBXBuildFile; fileRef = 84DA5BCF2C9B34BA003DAA7B /* FavouriteViewModel.swift */; };
		84DA5BD22C9B34CA003DAA7B /* DetailViewModel.swift in Sources */ = {isa = PBXBuildFile; fileRef = 84DA5BD12C9B34C9003DAA7B /* DetailViewModel.swift */; };
		84DA5BD42C9B34DC003DAA7B /* HomeViewModel.swift in Sources */ = {isa = PBXBuildFile; fileRef = 84DA5BD32C9B34DB003DAA7B /* HomeViewModel.swift */; };
		84DA5BD72C9B3547003DAA7B /* PokemonDataModel.xcdatamodeld in Sources */ = {isa = PBXBuildFile; fileRef = 84DA5BD52C9B3547003DAA7B /* PokemonDataModel.xcdatamodeld */; };
		84DA5BD92C9B378D003DAA7B /* Coordinaotr.swift in Sources */ = {isa = PBXBuildFile; fileRef = 84DA5BD82C9B378A003DAA7B /* Coordinaotr.swift */; };
		84DA5BE02C9B3893003DAA7B /* HomeCoordinator.swift in Sources */ = {isa = PBXBuildFile; fileRef = 84DA5BDF2C9B388F003DAA7B /* HomeCoordinator.swift */; };
		84DA5BEA2C9B3C5B003DAA7B /* DetailCoordinator.swift in Sources */ = {isa = PBXBuildFile; fileRef = 84DA5BE92C9B3C56003DAA7B /* DetailCoordinator.swift */; };
		84DA5BEF2C9B3EC3003DAA7B /* FavouriteCoordinator.swift in Sources */ = {isa = PBXBuildFile; fileRef = 84DA5BEE2C9B3EBE003DAA7B /* FavouriteCoordinator.swift */; };
		84DA5BF42C9B425D003DAA7B /* DashBoardViewController.swift in Sources */ = {isa = PBXBuildFile; fileRef = 84DA5BF32C9B4256003DAA7B /* DashBoardViewController.swift */; };
		84DA5BF62C9B42A7003DAA7B /* DashBoardCoordinator.swift in Sources */ = {isa = PBXBuildFile; fileRef = 84DA5BF52C9B42A1003DAA7B /* DashBoardCoordinator.swift */; };
		84F436E72C9BF7D30079A525 /* DecodedPokemonList.swift in Sources */ = {isa = PBXBuildFile; fileRef = 84F436E62C9BF7D20079A525 /* DecodedPokemonList.swift */; };
		84F436E92C9BF7F60079A525 /* StorageProvider+Extension.swift in Sources */ = {isa = PBXBuildFile; fileRef = 84F436E82C9BF7F50079A525 /* StorageProvider+Extension.swift */; };
		84F436EB2C9BF80D0079A525 /* DetailApiServiceStub.swift in Sources */ = {isa = PBXBuildFile; fileRef = 84F436EA2C9BF80B0079A525 /* DetailApiServiceStub.swift */; };
		84F436ED2C9BF8210079A525 /* HomeApiServiceStub.swift in Sources */ = {isa = PBXBuildFile; fileRef = 84F436EC2C9BF8200079A525 /* HomeApiServiceStub.swift */; };
		84F436EF2C9BF8360079A525 /* NetworkProviderStub.swift in Sources */ = {isa = PBXBuildFile; fileRef = 84F436EE2C9BF8350079A525 /* NetworkProviderStub.swift */; };
		84F436F12C9BF84F0079A525 /* MockFavouriteStorageService.swift in Sources */ = {isa = PBXBuildFile; fileRef = 84F436F02C9BF84E0079A525 /* MockFavouriteStorageService.swift */; };
		84F436F32C9BF8620079A525 /* MockDetailStorageService.swift in Sources */ = {isa = PBXBuildFile; fileRef = 84F436F22C9BF8610079A525 /* MockDetailStorageService.swift */; };
		84F436F52C9BF87C0079A525 /* FavouriteStorageServiceTest.swift in Sources */ = {isa = PBXBuildFile; fileRef = 84F436F42C9BF87A0079A525 /* FavouriteStorageServiceTest.swift */; };
		84F436F72C9BF8940079A525 /* DetailStorageServiceTest.swift in Sources */ = {isa = PBXBuildFile; fileRef = 84F436F62C9BF8930079A525 /* DetailStorageServiceTest.swift */; };
		84F436F92C9BF8AD0079A525 /* DetailApiServiceTest.swift in Sources */ = {isa = PBXBuildFile; fileRef = 84F436F82C9BF8AC0079A525 /* DetailApiServiceTest.swift */; };
		84F436FB2C9BF8C70079A525 /* HomeApiServiceTest.swift in Sources */ = {isa = PBXBuildFile; fileRef = 84F436FA2C9BF8C60079A525 /* HomeApiServiceTest.swift */; };
		84F436FD2C9BF8E50079A525 /* FavouriteViewTest.swift in Sources */ = {isa = PBXBuildFile; fileRef = 84F436FC2C9BF8E40079A525 /* FavouriteViewTest.swift */; };
		84F436FF2C9BF8FC0079A525 /* DetailViewTest.swift in Sources */ = {isa = PBXBuildFile; fileRef = 84F436FE2C9BF8FB0079A525 /* DetailViewTest.swift */; };
		84F437012C9BF9150079A525 /* HomeViewTest.swift in Sources */ = {isa = PBXBuildFile; fileRef = 84F437002C9BF9140079A525 /* HomeViewTest.swift */; };
		84F437032C9BF9310079A525 /* FavouriteViewModelTest.swift in Sources */ = {isa = PBXBuildFile; fileRef = 84F437022C9BF9300079A525 /* FavouriteViewModelTest.swift */; };
		84F437052C9BF9460079A525 /* DetailViewModelTest.swift in Sources */ = {isa = PBXBuildFile; fileRef = 84F437042C9BF9450079A525 /* DetailViewModelTest.swift */; };
		84F437072C9BF9610079A525 /* HomeViewModelTest.swift in Sources */ = {isa = PBXBuildFile; fileRef = 84F437062C9BF9600079A525 /* HomeViewModelTest.swift */; };
/* End PBXBuildFile section */

/* Begin PBXContainerItemProxy section */
		84F436D82C9BF7670079A525 /* PBXContainerItemProxy */ = {
			isa = PBXContainerItemProxy;
			containerPortal = 84DA5B5E2C9B3130003DAA7B /* Project object */;
			proxyType = 1;
			remoteGlobalIDString = 84DA5B652C9B3130003DAA7B;
			remoteInfo = Coordinator_Pattern;
		};
/* End PBXContainerItemProxy section */

/* Begin PBXFileReference section */
		84DA5B662C9B3130003DAA7B /* Coordinator_Pattern.app */ = {isa = PBXFileReference; explicitFileType = wrapper.application; includeInIndex = 0; path = Coordinator_Pattern.app; sourceTree = BUILT_PRODUCTS_DIR; };
		84DA5B7E2C9B3198003DAA7B /* AppDelegate.swift */ = {isa = PBXFileReference; lastKnownFileType = sourcecode.swift; path = AppDelegate.swift; sourceTree = "<group>"; };
		84DA5B7F2C9B3198003DAA7B /* Assets.xcassets */ = {isa = PBXFileReference; lastKnownFileType = folder.assetcatalog; path = Assets.xcassets; sourceTree = "<group>"; };
		84DA5B802C9B3198003DAA7B /* Info.plist */ = {isa = PBXFileReference; lastKnownFileType = text.plist.xml; path = Info.plist; sourceTree = "<group>"; };
		84DA5B812C9B3198003DAA7B /* Base */ = {isa = PBXFileReference; lastKnownFileType = file.storyboard; name = Base; path = Base.lproj/LaunchScreen.storyboard; sourceTree = "<group>"; };
		84DA5B832C9B3198003DAA7B /* SceneDelegate.swift */ = {isa = PBXFileReference; lastKnownFileType = sourcecode.swift; path = SceneDelegate.swift; sourceTree = "<group>"; };
		84DA5B972C9B3250003DAA7B /* BindView.swift */ = {isa = PBXFileReference; lastKnownFileType = sourcecode.swift; path = BindView.swift; sourceTree = "<group>"; };
		84DA5B992C9B3262003DAA7B /* BindViewController.swift */ = {isa = PBXFileReference; lastKnownFileType = sourcecode.swift; path = BindViewController.swift; sourceTree = "<group>"; };
		84DA5B9B2C9B327D003DAA7B /* ModelEntityMapProtocol.swift */ = {isa = PBXFileReference; lastKnownFileType = sourcecode.swift; path = ModelEntityMapProtocol.swift; sourceTree = "<group>"; };
		84DA5B9D2C9B3296003DAA7B /* SpritesModel.swift */ = {isa = PBXFileReference; lastKnownFileType = sourcecode.swift; path = SpritesModel.swift; sourceTree = "<group>"; };
		84DA5B9F2C9B32AD003DAA7B /* PokemonDetailModel.swift */ = {isa = PBXFileReference; lastKnownFileType = sourcecode.swift; path = PokemonDetailModel.swift; sourceTree = "<group>"; };
		84DA5BA12C9B32C1003DAA7B /* PokemonListModel.swift */ = {isa = PBXFileReference; lastKnownFileType = sourcecode.swift; path = PokemonListModel.swift; sourceTree = "<group>"; };
		84DA5BA32C9B32DB003DAA7B /* FavouriteStorageService.swift */ = {isa = PBXFileReference; lastKnownFileType = sourcecode.swift; path = FavouriteStorageService.swift; sourceTree = "<group>"; };
		84DA5BA52C9B32EE003DAA7B /* DetailStorageService.swift */ = {isa = PBXFileReference; lastKnownFileType = sourcecode.swift; path = DetailStorageService.swift; sourceTree = "<group>"; };
		84DA5BA72C9B3304003DAA7B /* DetailApiService.swift */ = {isa = PBXFileReference; lastKnownFileType = sourcecode.swift; path = DetailApiService.swift; sourceTree = "<group>"; };
		84DA5BA92C9B3316003DAA7B /* HomeApiService.swift */ = {isa = PBXFileReference; lastKnownFileType = sourcecode.swift; path = HomeApiService.swift; sourceTree = "<group>"; };
		84DA5BAB2C9B333C003DAA7B /* StorageProvider.swift */ = {isa = PBXFileReference; lastKnownFileType = sourcecode.swift; path = StorageProvider.swift; sourceTree = "<group>"; };
		84DA5BAD2C9B3355003DAA7B /* NetworkProvider.swift */ = {isa = PBXFileReference; lastKnownFileType = sourcecode.swift; path = NetworkProvider.swift; sourceTree = "<group>"; };
		84DA5BAF2C9B336B003DAA7B /* Constant.swift */ = {isa = PBXFileReference; lastKnownFileType = sourcecode.swift; path = Constant.swift; sourceTree = "<group>"; };
		84DA5BB12C9B337C003DAA7B /* Loader.swift */ = {isa = PBXFileReference; lastKnownFileType = sourcecode.swift; path = Loader.swift; sourceTree = "<group>"; };
		84DA5BB32C9B338D003DAA7B /* BaseNavigationController.swift */ = {isa = PBXFileReference; lastKnownFileType = sourcecode.swift; path = BaseNavigationController.swift; sourceTree = "<group>"; };
		84DA5BB52C9B33A3003DAA7B /* UIImageView.swift */ = {isa = PBXFileReference; lastKnownFileType = sourcecode.swift; path = UIImageView.swift; sourceTree = "<group>"; };
		84DA5BBF2C9B3418003DAA7B /* FavouriteViewController.swift */ = {isa = PBXFileReference; lastKnownFileType = sourcecode.swift; path = FavouriteViewController.swift; sourceTree = "<group>"; };
		84DA5BC12C9B342A003DAA7B /* FavouriteView.swift */ = {isa = PBXFileReference; lastKnownFileType = sourcecode.swift; path = FavouriteView.swift; sourceTree = "<group>"; };
		84DA5BC32C9B343D003DAA7B /* DetailViewController.swift */ = {isa = PBXFileReference; lastKnownFileType = sourcecode.swift; path = DetailViewController.swift; sourceTree = "<group>"; };
		84DA5BC52C9B3451003DAA7B /* DetailView.swift */ = {isa = PBXFileReference; lastKnownFileType = sourcecode.swift; path = DetailView.swift; sourceTree = "<group>"; };
		84DA5BC72C9B3464003DAA7B /* HomeViewController.swift */ = {isa = PBXFileReference; lastKnownFileType = sourcecode.swift; path = HomeViewController.swift; sourceTree = "<group>"; };
		84DA5BC92C9B3475003DAA7B /* HomeView.swift */ = {isa = PBXFileReference; lastKnownFileType = sourcecode.swift; path = HomeView.swift; sourceTree = "<group>"; };
		84DA5BCB2C9B348F003DAA7B /* FavouriteViewCell.swift */ = {isa = PBXFileReference; lastKnownFileType = sourcecode.swift; path = FavouriteViewCell.swift; sourceTree = "<group>"; };
		84DA5BCD2C9B34A2003DAA7B /* HomeViewCell.swift */ = {isa = PBXFileReference; lastKnownFileType = sourcecode.swift; path = HomeViewCell.swift; sourceTree = "<group>"; };
		84DA5BCF2C9B34BA003DAA7B /* FavouriteViewModel.swift */ = {isa = PBXFileReference; lastKnownFileType = sourcecode.swift; path = FavouriteViewModel.swift; sourceTree = "<group>"; };
		84DA5BD12C9B34C9003DAA7B /* DetailViewModel.swift */ = {isa = PBXFileReference; lastKnownFileType = sourcecode.swift; path = DetailViewModel.swift; sourceTree = "<group>"; };
		84DA5BD32C9B34DB003DAA7B /* HomeViewModel.swift */ = {isa = PBXFileReference; lastKnownFileType = sourcecode.swift; path = HomeViewModel.swift; sourceTree = "<group>"; };
		84DA5BD62C9B3547003DAA7B /* PokemonDataModel.xcdatamodel */ = {isa = PBXFileReference; lastKnownFileType = wrapper.xcdatamodel; path = PokemonDataModel.xcdatamodel; sourceTree = "<group>"; };
		84DA5BD82C9B378A003DAA7B /* Coordinaotr.swift */ = {isa = PBXFileReference; lastKnownFileType = sourcecode.swift; path = Coordinaotr.swift; sourceTree = "<group>"; };
		84DA5BDF2C9B388F003DAA7B /* HomeCoordinator.swift */ = {isa = PBXFileReference; lastKnownFileType = sourcecode.swift; path = HomeCoordinator.swift; sourceTree = "<group>"; };
		84DA5BE92C9B3C56003DAA7B /* DetailCoordinator.swift */ = {isa = PBXFileReference; lastKnownFileType = sourcecode.swift; path = DetailCoordinator.swift; sourceTree = "<group>"; };
		84DA5BEE2C9B3EBE003DAA7B /* FavouriteCoordinator.swift */ = {isa = PBXFileReference; lastKnownFileType = sourcecode.swift; path = FavouriteCoordinator.swift; sourceTree = "<group>"; };
		84DA5BF32C9B4256003DAA7B /* DashBoardViewController.swift */ = {isa = PBXFileReference; lastKnownFileType = sourcecode.swift; path = DashBoardViewController.swift; sourceTree = "<group>"; };
		84DA5BF52C9B42A1003DAA7B /* DashBoardCoordinator.swift */ = {isa = PBXFileReference; lastKnownFileType = sourcecode.swift; path = DashBoardCoordinator.swift; sourceTree = "<group>"; };
		84F436D42C9BF7670079A525 /* Coordinator_PatternTests.xctest */ = {isa = PBXFileReference; explicitFileType = wrapper.cfbundle; includeInIndex = 0; path = Coordinator_PatternTests.xctest; sourceTree = BUILT_PRODUCTS_DIR; };
		84F436E62C9BF7D20079A525 /* DecodedPokemonList.swift */ = {isa = PBXFileReference; lastKnownFileType = sourcecode.swift; path = DecodedPokemonList.swift; sourceTree = "<group>"; };
		84F436E82C9BF7F50079A525 /* StorageProvider+Extension.swift */ = {isa = PBXFileReference; lastKnownFileType = sourcecode.swift; path = "StorageProvider+Extension.swift"; sourceTree = "<group>"; };
		84F436EA2C9BF80B0079A525 /* DetailApiServiceStub.swift */ = {isa = PBXFileReference; lastKnownFileType = sourcecode.swift; path = DetailApiServiceStub.swift; sourceTree = "<group>"; };
		84F436EC2C9BF8200079A525 /* HomeApiServiceStub.swift */ = {isa = PBXFileReference; lastKnownFileType = sourcecode.swift; path = HomeApiServiceStub.swift; sourceTree = "<group>"; };
		84F436EE2C9BF8350079A525 /* NetworkProviderStub.swift */ = {isa = PBXFileReference; lastKnownFileType = sourcecode.swift; path = NetworkProviderStub.swift; sourceTree = "<group>"; };
		84F436F02C9BF84E0079A525 /* MockFavouriteStorageService.swift */ = {isa = PBXFileReference; lastKnownFileType = sourcecode.swift; path = MockFavouriteStorageService.swift; sourceTree = "<group>"; };
		84F436F22C9BF8610079A525 /* MockDetailStorageService.swift */ = {isa = PBXFileReference; lastKnownFileType = sourcecode.swift; path = MockDetailStorageService.swift; sourceTree = "<group>"; };
		84F436F42C9BF87A0079A525 /* FavouriteStorageServiceTest.swift */ = {isa = PBXFileReference; lastKnownFileType = sourcecode.swift; path = FavouriteStorageServiceTest.swift; sourceTree = "<group>"; };
		84F436F62C9BF8930079A525 /* DetailStorageServiceTest.swift */ = {isa = PBXFileReference; lastKnownFileType = sourcecode.swift; path = DetailStorageServiceTest.swift; sourceTree = "<group>"; };
		84F436F82C9BF8AC0079A525 /* DetailApiServiceTest.swift */ = {isa = PBXFileReference; lastKnownFileType = sourcecode.swift; path = DetailApiServiceTest.swift; sourceTree = "<group>"; };
		84F436FA2C9BF8C60079A525 /* HomeApiServiceTest.swift */ = {isa = PBXFileReference; lastKnownFileType = sourcecode.swift; path = HomeApiServiceTest.swift; sourceTree = "<group>"; };
		84F436FC2C9BF8E40079A525 /* FavouriteViewTest.swift */ = {isa = PBXFileReference; lastKnownFileType = sourcecode.swift; path = FavouriteViewTest.swift; sourceTree = "<group>"; };
		84F436FE2C9BF8FB0079A525 /* DetailViewTest.swift */ = {isa = PBXFileReference; lastKnownFileType = sourcecode.swift; path = DetailViewTest.swift; sourceTree = "<group>"; };
		84F437002C9BF9140079A525 /* HomeViewTest.swift */ = {isa = PBXFileReference; lastKnownFileType = sourcecode.swift; path = HomeViewTest.swift; sourceTree = "<group>"; };
		84F437022C9BF9300079A525 /* FavouriteViewModelTest.swift */ = {isa = PBXFileReference; lastKnownFileType = sourcecode.swift; path = FavouriteViewModelTest.swift; sourceTree = "<group>"; };
		84F437042C9BF9450079A525 /* DetailViewModelTest.swift */ = {isa = PBXFileReference; lastKnownFileType = sourcecode.swift; path = DetailViewModelTest.swift; sourceTree = "<group>"; };
		84F437062C9BF9600079A525 /* HomeViewModelTest.swift */ = {isa = PBXFileReference; lastKnownFileType = sourcecode.swift; path = HomeViewModelTest.swift; sourceTree = "<group>"; };
/* End PBXFileReference section */

/* Begin PBXFrameworksBuildPhase section */
		84DA5B632C9B3130003DAA7B /* Frameworks */ = {
			isa = PBXFrameworksBuildPhase;
			buildActionMask = 2147483647;
			files = (
				84DA5BBC2C9B33E1003DAA7B /* SVProgressHUD in Frameworks */,
				84DA5BB92C9B33CD003DAA7B /* Kingfisher in Frameworks */,
			);
			runOnlyForDeploymentPostprocessing = 0;
		};
		84F436D12C9BF7670079A525 /* Frameworks */ = {
			isa = PBXFrameworksBuildPhase;
			buildActionMask = 2147483647;
			files = (
			);
			runOnlyForDeploymentPostprocessing = 0;
		};
/* End PBXFrameworksBuildPhase section */

/* Begin PBXGroup section */
		84DA5B5D2C9B3130003DAA7B = {
			isa = PBXGroup;
			children = (
				84DA5B852C9B3198003DAA7B /* Coordinator_Pattern */,
				84F436DE2C9BF7770079A525 /* Coordinator_PatternTests */,
				84DA5B672C9B3130003DAA7B /* Products */,
			);
			sourceTree = "<group>";
		};
		84DA5B672C9B3130003DAA7B /* Products */ = {
			isa = PBXGroup;
			children = (
				84DA5B662C9B3130003DAA7B /* Coordinator_Pattern.app */,
				84F436D42C9BF7670079A525 /* Coordinator_PatternTests.xctest */,
			);
			name = Products;
			sourceTree = "<group>";
		};
		84DA5B852C9B3198003DAA7B /* Coordinator_Pattern */ = {
			isa = PBXGroup;
			children = (
				84DA5B8F2C9B31D0003DAA7B /* App */,
				84DA5B8E2C9B31CA003DAA7B /* Model */,
				84DA5BDA2C9B382A003DAA7B /* Feature */,
				84DA5B7F2C9B3198003DAA7B /* Assets.xcassets */,
				84DA5B802C9B3198003DAA7B /* Info.plist */,
				84DA5B822C9B3198003DAA7B /* LaunchScreen.storyboard */,
				84DA5BD52C9B3547003DAA7B /* PokemonDataModel.xcdatamodeld */,
			);
			path = Coordinator_Pattern;
			sourceTree = "<group>";
		};
		84DA5B8E2C9B31CA003DAA7B /* Model */ = {
			isa = PBXGroup;
			children = (
				84DA5B962C9B3215003DAA7B /* Base */,
				84DA5B952C9B3212003DAA7B /* Models */,
				84DA5B942C9B320F003DAA7B /* Services */,
				84DA5B932C9B3207003DAA7B /* StorageProvider */,
				84DA5B922C9B3204003DAA7B /* NetworkProvider */,
				84DA5B912C9B3201003DAA7B /* Helpers */,
				84DA5B902C9B31FE003DAA7B /* Extensions */,
			);
			path = Model;
			sourceTree = "<group>";
		};
		84DA5B8F2C9B31D0003DAA7B /* App */ = {
			isa = PBXGroup;
			children = (
				84DA5B7E2C9B3198003DAA7B /* AppDelegate.swift */,
				84DA5B832C9B3198003DAA7B /* SceneDelegate.swift */,
			);
			path = App;
			sourceTree = "<group>";
		};
		84DA5B902C9B31FE003DAA7B /* Extensions */ = {
			isa = PBXGroup;
			children = (
				84DA5BB52C9B33A3003DAA7B /* UIImageView.swift */,
			);
			path = Extensions;
			sourceTree = "<group>";
		};
		84DA5B912C9B3201003DAA7B /* Helpers */ = {
			isa = PBXGroup;
			children = (
				84DA5BB32C9B338D003DAA7B /* BaseNavigationController.swift */,
				84DA5BB12C9B337C003DAA7B /* Loader.swift */,
				84DA5BAF2C9B336B003DAA7B /* Constant.swift */,
			);
			path = Helpers;
			sourceTree = "<group>";
		};
		84DA5B922C9B3204003DAA7B /* NetworkProvider */ = {
			isa = PBXGroup;
			children = (
				84DA5BAD2C9B3355003DAA7B /* NetworkProvider.swift */,
			);
			path = NetworkProvider;
			sourceTree = "<group>";
		};
		84DA5B932C9B3207003DAA7B /* StorageProvider */ = {
			isa = PBXGroup;
			children = (
				84DA5BAB2C9B333C003DAA7B /* StorageProvider.swift */,
			);
			path = StorageProvider;
			sourceTree = "<group>";
		};
		84DA5B942C9B320F003DAA7B /* Services */ = {
			isa = PBXGroup;
			children = (
				84DA5BA92C9B3316003DAA7B /* HomeApiService.swift */,
				84DA5BA72C9B3304003DAA7B /* DetailApiService.swift */,
				84DA5BA52C9B32EE003DAA7B /* DetailStorageService.swift */,
				84DA5BA32C9B32DB003DAA7B /* FavouriteStorageService.swift */,
			);
			path = Services;
			sourceTree = "<group>";
		};
		84DA5B952C9B3212003DAA7B /* Models */ = {
			isa = PBXGroup;
			children = (
				84DA5BA12C9B32C1003DAA7B /* PokemonListModel.swift */,
				84DA5B9F2C9B32AD003DAA7B /* PokemonDetailModel.swift */,
				84DA5B9D2C9B3296003DAA7B /* SpritesModel.swift */,
				84DA5B9B2C9B327D003DAA7B /* ModelEntityMapProtocol.swift */,
			);
			path = Models;
			sourceTree = "<group>";
		};
		84DA5B962C9B3215003DAA7B /* Base */ = {
			isa = PBXGroup;
			children = (
				84DA5BD82C9B378A003DAA7B /* Coordinaotr.swift */,
				84DA5B972C9B3250003DAA7B /* BindView.swift */,
				84DA5B992C9B3262003DAA7B /* BindViewController.swift */,
			);
			path = Base;
			sourceTree = "<group>";
		};
		84DA5BDA2C9B382A003DAA7B /* Feature */ = {
			isa = PBXGroup;
			children = (
				84DA5BF02C9B4222003DAA7B /* DashBoardScreen */,
				84DA5BDB2C9B383A003DAA7B /* HomeScreen */,
				84DA5BE12C9B3BD6003DAA7B /* DetailScreen */,
				84DA5BE52C9B3C1B003DAA7B /* FavouriteScreen */,
			);
			path = Feature;
			sourceTree = "<group>";
		};
		84DA5BDB2C9B383A003DAA7B /* HomeScreen */ = {
			isa = PBXGroup;
			children = (
				84DA5BDE2C9B3851003DAA7B /* Coordinators */,
				84DA5BDD2C9B3847003DAA7B /* Views */,
				84DA5BDC2C9B383F003DAA7B /* ViewModels */,
			);
			path = HomeScreen;
			sourceTree = "<group>";
		};
		84DA5BDC2C9B383F003DAA7B /* ViewModels */ = {
			isa = PBXGroup;
			children = (
				84DA5BD32C9B34DB003DAA7B /* HomeViewModel.swift */,
			);
			path = ViewModels;
			sourceTree = "<group>";
		};
		84DA5BDD2C9B3847003DAA7B /* Views */ = {
			isa = PBXGroup;
			children = (
				84DA5BC72C9B3464003DAA7B /* HomeViewController.swift */,
				84DA5BC92C9B3475003DAA7B /* HomeView.swift */,
				84DA5BCD2C9B34A2003DAA7B /* HomeViewCell.swift */,
			);
			path = Views;
			sourceTree = "<group>";
		};
		84DA5BDE2C9B3851003DAA7B /* Coordinators */ = {
			isa = PBXGroup;
			children = (
				84DA5BDF2C9B388F003DAA7B /* HomeCoordinator.swift */,
			);
			path = Coordinators;
			sourceTree = "<group>";
		};
		84DA5BE12C9B3BD6003DAA7B /* DetailScreen */ = {
			isa = PBXGroup;
			children = (
				84DA5BE42C9B3BF1003DAA7B /* Coordinators */,
				84DA5BE32C9B3BEF003DAA7B /* Views */,
				84DA5BE22C9B3BEC003DAA7B /* ViewModels */,
			);
			path = DetailScreen;
			sourceTree = "<group>";
		};
		84DA5BE22C9B3BEC003DAA7B /* ViewModels */ = {
			isa = PBXGroup;
			children = (
				84DA5BD12C9B34C9003DAA7B /* DetailViewModel.swift */,
			);
			path = ViewModels;
			sourceTree = "<group>";
		};
		84DA5BE32C9B3BEF003DAA7B /* Views */ = {
			isa = PBXGroup;
			children = (
				84DA5BC32C9B343D003DAA7B /* DetailViewController.swift */,
				84DA5BC52C9B3451003DAA7B /* DetailView.swift */,
			);
			path = Views;
			sourceTree = "<group>";
		};
		84DA5BE42C9B3BF1003DAA7B /* Coordinators */ = {
			isa = PBXGroup;
			children = (
				84DA5BE92C9B3C56003DAA7B /* DetailCoordinator.swift */,
			);
			path = Coordinators;
			sourceTree = "<group>";
		};
		84DA5BE52C9B3C1B003DAA7B /* FavouriteScreen */ = {
			isa = PBXGroup;
			children = (
				84DA5BE82C9B3C2B003DAA7B /* Coordinators */,
				84DA5BE72C9B3C28003DAA7B /* Views */,
				84DA5BE62C9B3C25003DAA7B /* ViewModels */,
			);
			path = FavouriteScreen;
			sourceTree = "<group>";
		};
		84DA5BE62C9B3C25003DAA7B /* ViewModels */ = {
			isa = PBXGroup;
			children = (
				84DA5BCF2C9B34BA003DAA7B /* FavouriteViewModel.swift */,
			);
			path = ViewModels;
			sourceTree = "<group>";
		};
		84DA5BE72C9B3C28003DAA7B /* Views */ = {
			isa = PBXGroup;
			children = (
				84DA5BBF2C9B3418003DAA7B /* FavouriteViewController.swift */,
				84DA5BC12C9B342A003DAA7B /* FavouriteView.swift */,
				84DA5BCB2C9B348F003DAA7B /* FavouriteViewCell.swift */,
			);
			path = Views;
			sourceTree = "<group>";
		};
		84DA5BE82C9B3C2B003DAA7B /* Coordinators */ = {
			isa = PBXGroup;
			children = (
				84DA5BEE2C9B3EBE003DAA7B /* FavouriteCoordinator.swift */,
			);
			path = Coordinators;
			sourceTree = "<group>";
		};
		84DA5BF02C9B4222003DAA7B /* DashBoardScreen */ = {
			isa = PBXGroup;
			children = (
				84DA5BF22C9B4233003DAA7B /* Coordinator */,
				84DA5BF12C9B4230003DAA7B /* Views */,
			);
			path = DashBoardScreen;
			sourceTree = "<group>";
		};
		84DA5BF12C9B4230003DAA7B /* Views */ = {
			isa = PBXGroup;
			children = (
				84DA5BF32C9B4256003DAA7B /* DashBoardViewController.swift */,
			);
			path = Views;
			sourceTree = "<group>";
		};
		84DA5BF22C9B4233003DAA7B /* Coordinator */ = {
			isa = PBXGroup;
			children = (
				84DA5BF52C9B42A1003DAA7B /* DashBoardCoordinator.swift */,
			);
			path = Coordinator;
			sourceTree = "<group>";
		};
		84F436DE2C9BF7770079A525 /* Coordinator_PatternTests */ = {
			isa = PBXGroup;
			children = (
				84F436E52C9BF79A0079A525 /* Helpers */,
				84F436E42C9BF7970079A525 /* Stubs */,
				84F436E32C9BF7940079A525 /* Mocks */,
				84F436E22C9BF7910079A525 /* ModelTest */,
				84F436E12C9BF7890079A525 /* ViewTest */,
				84F436E02C9BF7860079A525 /* ViewModelTest */,
			);
			path = Coordinator_PatternTests;
			sourceTree = "<group>";
		};
		84F436E02C9BF7860079A525 /* ViewModelTest */ = {
			isa = PBXGroup;
			children = (
				84F437062C9BF9600079A525 /* HomeViewModelTest.swift */,
				84F437042C9BF9450079A525 /* DetailViewModelTest.swift */,
				84F437022C9BF9300079A525 /* FavouriteViewModelTest.swift */,
			);
			path = ViewModelTest;
			sourceTree = "<group>";
		};
		84F436E12C9BF7890079A525 /* ViewTest */ = {
			isa = PBXGroup;
			children = (
				84F437002C9BF9140079A525 /* HomeViewTest.swift */,
				84F436FE2C9BF8FB0079A525 /* DetailViewTest.swift */,
				84F436FC2C9BF8E40079A525 /* FavouriteViewTest.swift */,
			);
			path = ViewTest;
			sourceTree = "<group>";
		};
		84F436E22C9BF7910079A525 /* ModelTest */ = {
			isa = PBXGroup;
			children = (
				84F436FA2C9BF8C60079A525 /* HomeApiServiceTest.swift */,
				84F436F82C9BF8AC0079A525 /* DetailApiServiceTest.swift */,
				84F436F62C9BF8930079A525 /* DetailStorageServiceTest.swift */,
				84F436F42C9BF87A0079A525 /* FavouriteStorageServiceTest.swift */,
			);
			path = ModelTest;
			sourceTree = "<group>";
		};
		84F436E32C9BF7940079A525 /* Mocks */ = {
			isa = PBXGroup;
			children = (
				84F436F22C9BF8610079A525 /* MockDetailStorageService.swift */,
				84F436F02C9BF84E0079A525 /* MockFavouriteStorageService.swift */,
			);
			path = Mocks;
			sourceTree = "<group>";
		};
		84F436E42C9BF7970079A525 /* Stubs */ = {
			isa = PBXGroup;
			children = (
				84F436EE2C9BF8350079A525 /* NetworkProviderStub.swift */,
				84F436EC2C9BF8200079A525 /* HomeApiServiceStub.swift */,
				84F436EA2C9BF80B0079A525 /* DetailApiServiceStub.swift */,
			);
			path = Stubs;
			sourceTree = "<group>";
		};
		84F436E52C9BF79A0079A525 /* Helpers */ = {
			isa = PBXGroup;
			children = (
				84F436E82C9BF7F50079A525 /* StorageProvider+Extension.swift */,
				84F436E62C9BF7D20079A525 /* DecodedPokemonList.swift */,
			);
			path = Helpers;
			sourceTree = "<group>";
		};
/* End PBXGroup section */

/* Begin PBXNativeTarget section */
		84DA5B652C9B3130003DAA7B /* Coordinator_Pattern */ = {
			isa = PBXNativeTarget;
			buildConfigurationList = 84DA5B792C9B3131003DAA7B /* Build configuration list for PBXNativeTarget "Coordinator_Pattern" */;
			buildPhases = (
				84DA5B622C9B3130003DAA7B /* Sources */,
				84DA5B632C9B3130003DAA7B /* Frameworks */,
				84DA5B642C9B3130003DAA7B /* Resources */,
			);
			buildRules = (
			);
			dependencies = (
			);
			name = Coordinator_Pattern;
			packageProductDependencies = (
				84DA5BB82C9B33CD003DAA7B /* Kingfisher */,
				84DA5BBB2C9B33E1003DAA7B /* SVProgressHUD */,
			);
			productName = Coordinator_Pattern;
			productReference = 84DA5B662C9B3130003DAA7B /* Coordinator_Pattern.app */;
			productType = "com.apple.product-type.application";
		};
		84F436D32C9BF7670079A525 /* Coordinator_PatternTests */ = {
			isa = PBXNativeTarget;
			buildConfigurationList = 84F436DC2C9BF7670079A525 /* Build configuration list for PBXNativeTarget "Coordinator_PatternTests" */;
			buildPhases = (
				84F436D02C9BF7670079A525 /* Sources */,
				84F436D12C9BF7670079A525 /* Frameworks */,
				84F436D22C9BF7670079A525 /* Resources */,
			);
			buildRules = (
			);
			dependencies = (
				84F436D92C9BF7670079A525 /* PBXTargetDependency */,
			);
			name = Coordinator_PatternTests;
			packageProductDependencies = (
			);
			productName = Coordinator_PatternTests;
			productReference = 84F436D42C9BF7670079A525 /* Coordinator_PatternTests.xctest */;
			productType = "com.apple.product-type.bundle.unit-test";
		};
/* End PBXNativeTarget section */

/* Begin PBXProject section */
		84DA5B5E2C9B3130003DAA7B /* Project object */ = {
			isa = PBXProject;
			attributes = {
				BuildIndependentTargetsInParallel = 1;
				LastSwiftUpdateCheck = 1600;
				LastUpgradeCheck = 1600;
				TargetAttributes = {
					84DA5B652C9B3130003DAA7B = {
						CreatedOnToolsVersion = 16.0;
					};
					84F436D32C9BF7670079A525 = {
						CreatedOnToolsVersion = 16.0;
						TestTargetID = 84DA5B652C9B3130003DAA7B;
					};
				};
			};
			buildConfigurationList = 84DA5B612C9B3130003DAA7B /* Build configuration list for PBXProject "Coordinator_Pattern" */;
			developmentRegion = en;
			hasScannedForEncodings = 0;
			knownRegions = (
				en,
				Base,
			);
			mainGroup = 84DA5B5D2C9B3130003DAA7B;
			minimizedProjectReferenceProxies = 1;
			packageReferences = (
				84DA5BB72C9B33CD003DAA7B /* XCRemoteSwiftPackageReference "Kingfisher" */,
				84DA5BBA2C9B33E1003DAA7B /* XCRemoteSwiftPackageReference "SVProgressHUD" */,
			);
			preferredProjectObjectVersion = 77;
			productRefGroup = 84DA5B672C9B3130003DAA7B /* Products */;
			projectDirPath = "";
			projectRoot = "";
			targets = (
				84DA5B652C9B3130003DAA7B /* Coordinator_Pattern */,
				84F436D32C9BF7670079A525 /* Coordinator_PatternTests */,
			);
		};
/* End PBXProject section */

/* Begin PBXResourcesBuildPhase section */
		84DA5B642C9B3130003DAA7B /* Resources */ = {
			isa = PBXResourcesBuildPhase;
			buildActionMask = 2147483647;
			files = (
				84DA5B892C9B3198003DAA7B /* Assets.xcassets in Resources */,
				84DA5B8B2C9B3198003DAA7B /* LaunchScreen.storyboard in Resources */,
			);
			runOnlyForDeploymentPostprocessing = 0;
		};
		84F436D22C9BF7670079A525 /* Resources */ = {
			isa = PBXResourcesBuildPhase;
			buildActionMask = 2147483647;
			files = (
			);
			runOnlyForDeploymentPostprocessing = 0;
		};
/* End PBXResourcesBuildPhase section */

/* Begin PBXSourcesBuildPhase section */
		84DA5B622C9B3130003DAA7B /* Sources */ = {
			isa = PBXSourcesBuildPhase;
			buildActionMask = 2147483647;
			files = (
				84DA5BEF2C9B3EC3003DAA7B /* FavouriteCoordinator.swift in Sources */,
				84DA5B9E2C9B3298003DAA7B /* SpritesModel.swift in Sources */,
				84DA5B982C9B3252003DAA7B /* BindView.swift in Sources */,
				84DA5BC22C9B342B003DAA7B /* FavouriteView.swift in Sources */,
				84DA5BEA2C9B3C5B003DAA7B /* DetailCoordinator.swift in Sources */,
				84DA5BB02C9B336C003DAA7B /* Constant.swift in Sources */,
				84DA5BAC2C9B333D003DAA7B /* StorageProvider.swift in Sources */,
				84DA5BC62C9B3452003DAA7B /* DetailView.swift in Sources */,
				84DA5BC82C9B3465003DAA7B /* HomeViewController.swift in Sources */,
				84DA5BA02C9B32AE003DAA7B /* PokemonDetailModel.swift in Sources */,
				84DA5BF42C9B425D003DAA7B /* DashBoardViewController.swift in Sources */,
				84DA5BD92C9B378D003DAA7B /* Coordinaotr.swift in Sources */,
				84DA5BC42C9B343E003DAA7B /* DetailViewController.swift in Sources */,
				84DA5BF62C9B42A7003DAA7B /* DashBoardCoordinator.swift in Sources */,
				84DA5B9C2C9B327E003DAA7B /* ModelEntityMapProtocol.swift in Sources */,
				84DA5B862C9B3198003DAA7B /* AppDelegate.swift in Sources */,
				84DA5B872C9B3198003DAA7B /* SceneDelegate.swift in Sources */,
				84DA5BAE2C9B3356003DAA7B /* NetworkProvider.swift in Sources */,
				84DA5BCC2C9B3490003DAA7B /* FavouriteViewCell.swift in Sources */,
				84DA5BA62C9B32EF003DAA7B /* DetailStorageService.swift in Sources */,
				84DA5BD42C9B34DC003DAA7B /* HomeViewModel.swift in Sources */,
				84DA5BB62C9B33A4003DAA7B /* UIImageView.swift in Sources */,
				84DA5BAA2C9B3317003DAA7B /* HomeApiService.swift in Sources */,
				84DA5BA42C9B32DC003DAA7B /* FavouriteStorageService.swift in Sources */,
				84DA5B9A2C9B3264003DAA7B /* BindViewController.swift in Sources */,
				84DA5BA82C9B3305003DAA7B /* DetailApiService.swift in Sources */,
				84DA5BB42C9B338F003DAA7B /* BaseNavigationController.swift in Sources */,
				84DA5BCE2C9B34A3003DAA7B /* HomeViewCell.swift in Sources */,
				84DA5BC02C9B3419003DAA7B /* FavouriteViewController.swift in Sources */,
				84DA5BD22C9B34CA003DAA7B /* DetailViewModel.swift in Sources */,
				84DA5BD02C9B34BB003DAA7B /* FavouriteViewModel.swift in Sources */,
				84DA5BCA2C9B3476003DAA7B /* HomeView.swift in Sources */,
				84DA5BB22C9B337E003DAA7B /* Loader.swift in Sources */,
				84DA5BE02C9B3893003DAA7B /* HomeCoordinator.swift in Sources */,
				84DA5BA22C9B32C2003DAA7B /* PokemonListModel.swift in Sources */,
				84DA5BD72C9B3547003DAA7B /* PokemonDataModel.xcdatamodeld in Sources */,
			);
			runOnlyForDeploymentPostprocessing = 0;
		};
		84F436D02C9BF7670079A525 /* Sources */ = {
			isa = PBXSourcesBuildPhase;
			buildActionMask = 2147483647;
			files = (
				84F436F72C9BF8940079A525 /* DetailStorageServiceTest.swift in Sources */,
				84F436F52C9BF87C0079A525 /* FavouriteStorageServiceTest.swift in Sources */,
				84F436F12C9BF84F0079A525 /* MockFavouriteStorageService.swift in Sources */,
				84F436FF2C9BF8FC0079A525 /* DetailViewTest.swift in Sources */,
				84F437012C9BF9150079A525 /* HomeViewTest.swift in Sources */,
				84F436E92C9BF7F60079A525 /* StorageProvider+Extension.swift in Sources */,
				84F436EB2C9BF80D0079A525 /* DetailApiServiceStub.swift in Sources */,
				84F436F92C9BF8AD0079A525 /* DetailApiServiceTest.swift in Sources */,
				84F437032C9BF9310079A525 /* FavouriteViewModelTest.swift in Sources */,
				84F437072C9BF9610079A525 /* HomeViewModelTest.swift in Sources */,
				84F436ED2C9BF8210079A525 /* HomeApiServiceStub.swift in Sources */,
				84F436F32C9BF8620079A525 /* MockDetailStorageService.swift in Sources */,
				84F436FD2C9BF8E50079A525 /* FavouriteViewTest.swift in Sources */,
				84F436E72C9BF7D30079A525 /* DecodedPokemonList.swift in Sources */,
				84F436EF2C9BF8360079A525 /* NetworkProviderStub.swift in Sources */,
				84F437052C9BF9460079A525 /* DetailViewModelTest.swift in Sources */,
				84F436FB2C9BF8C70079A525 /* HomeApiServiceTest.swift in Sources */,
			);
			runOnlyForDeploymentPostprocessing = 0;
		};
/* End PBXSourcesBuildPhase section */

/* Begin PBXTargetDependency section */
		84F436D92C9BF7670079A525 /* PBXTargetDependency */ = {
			isa = PBXTargetDependency;
			target = 84DA5B652C9B3130003DAA7B /* Coordinator_Pattern */;
			targetProxy = 84F436D82C9BF7670079A525 /* PBXContainerItemProxy */;
		};
/* End PBXTargetDependency section */

/* Begin PBXVariantGroup section */
		84DA5B822C9B3198003DAA7B /* LaunchScreen.storyboard */ = {
			isa = PBXVariantGroup;
			children = (
				84DA5B812C9B3198003DAA7B /* Base */,
			);
			name = LaunchScreen.storyboard;
			sourceTree = "<group>";
		};
/* End PBXVariantGroup section */

/* Begin XCBuildConfiguration section */
		84DA5B7A2C9B3131003DAA7B /* Debug */ = {
			isa = XCBuildConfiguration;
			buildSettings = {
				ASSETCATALOG_COMPILER_APPICON_NAME = AppIcon;
				ASSETCATALOG_COMPILER_GLOBAL_ACCENT_COLOR_NAME = AccentColor;
				CODE_SIGN_STYLE = Automatic;
				CURRENT_PROJECT_VERSION = 1;
				GENERATE_INFOPLIST_FILE = YES;
				INFOPLIST_FILE = Coordinator_Pattern/Info.plist;
				INFOPLIST_KEY_UIApplicationSupportsIndirectInputEvents = YES;
				INFOPLIST_KEY_UILaunchStoryboardName = LaunchScreen;
				INFOPLIST_KEY_UISupportedInterfaceOrientations_iPad = "UIInterfaceOrientationPortrait UIInterfaceOrientationPortraitUpsideDown UIInterfaceOrientationLandscapeLeft UIInterfaceOrientationLandscapeRight";
				INFOPLIST_KEY_UISupportedInterfaceOrientations_iPhone = "UIInterfaceOrientationPortrait UIInterfaceOrientationLandscapeLeft UIInterfaceOrientationLandscapeRight";
				LD_RUNPATH_SEARCH_PATHS = (
					"$(inherited)",
					"@executable_path/Frameworks",
				);
				MARKETING_VERSION = 1.0;
				PRODUCT_BUNDLE_IDENTIFIER = "russell.co.Coordinator-Pattern";
				PRODUCT_NAME = "$(TARGET_NAME)";
				SWIFT_EMIT_LOC_STRINGS = YES;
				SWIFT_VERSION = 5.0;
				TARGETED_DEVICE_FAMILY = "1,2";
			};
			name = Debug;
		};
		84DA5B7B2C9B3131003DAA7B /* Release */ = {
			isa = XCBuildConfiguration;
			buildSettings = {
				ASSETCATALOG_COMPILER_APPICON_NAME = AppIcon;
				ASSETCATALOG_COMPILER_GLOBAL_ACCENT_COLOR_NAME = AccentColor;
				CODE_SIGN_STYLE = Automatic;
				CURRENT_PROJECT_VERSION = 1;
				GENERATE_INFOPLIST_FILE = YES;
				INFOPLIST_FILE = Coordinator_Pattern/Info.plist;
				INFOPLIST_KEY_UIApplicationSupportsIndirectInputEvents = YES;
				INFOPLIST_KEY_UILaunchStoryboardName = LaunchScreen;
				INFOPLIST_KEY_UISupportedInterfaceOrientations_iPad = "UIInterfaceOrientationPortrait UIInterfaceOrientationPortraitUpsideDown UIInterfaceOrientationLandscapeLeft UIInterfaceOrientationLandscapeRight";
				INFOPLIST_KEY_UISupportedInterfaceOrientations_iPhone = "UIInterfaceOrientationPortrait UIInterfaceOrientationLandscapeLeft UIInterfaceOrientationLandscapeRight";
				LD_RUNPATH_SEARCH_PATHS = (
					"$(inherited)",
					"@executable_path/Frameworks",
				);
				MARKETING_VERSION = 1.0;
				PRODUCT_BUNDLE_IDENTIFIER = "russell.co.Coordinator-Pattern";
				PRODUCT_NAME = "$(TARGET_NAME)";
				SWIFT_EMIT_LOC_STRINGS = YES;
				SWIFT_VERSION = 5.0;
				TARGETED_DEVICE_FAMILY = "1,2";
			};
			name = Release;
		};
		84DA5B7C2C9B3131003DAA7B /* Debug */ = {
			isa = XCBuildConfiguration;
			buildSettings = {
				ALWAYS_SEARCH_USER_PATHS = NO;
				ASSETCATALOG_COMPILER_GENERATE_SWIFT_ASSET_SYMBOL_EXTENSIONS = YES;
				CLANG_ANALYZER_NONNULL = YES;
				CLANG_ANALYZER_NUMBER_OBJECT_CONVERSION = YES_AGGRESSIVE;
				CLANG_CXX_LANGUAGE_STANDARD = "gnu++20";
				CLANG_ENABLE_MODULES = YES;
				CLANG_ENABLE_OBJC_ARC = YES;
				CLANG_ENABLE_OBJC_WEAK = YES;
				CLANG_WARN_BLOCK_CAPTURE_AUTORELEASING = YES;
				CLANG_WARN_BOOL_CONVERSION = YES;
				CLANG_WARN_COMMA = YES;
				CLANG_WARN_CONSTANT_CONVERSION = YES;
				CLANG_WARN_DEPRECATED_OBJC_IMPLEMENTATIONS = YES;
				CLANG_WARN_DIRECT_OBJC_ISA_USAGE = YES_ERROR;
				CLANG_WARN_DOCUMENTATION_COMMENTS = YES;
				CLANG_WARN_EMPTY_BODY = YES;
				CLANG_WARN_ENUM_CONVERSION = YES;
				CLANG_WARN_INFINITE_RECURSION = YES;
				CLANG_WARN_INT_CONVERSION = YES;
				CLANG_WARN_NON_LITERAL_NULL_CONVERSION = YES;
				CLANG_WARN_OBJC_IMPLICIT_RETAIN_SELF = YES;
				CLANG_WARN_OBJC_LITERAL_CONVERSION = YES;
				CLANG_WARN_OBJC_ROOT_CLASS = YES_ERROR;
				CLANG_WARN_QUOTED_INCLUDE_IN_FRAMEWORK_HEADER = YES;
				CLANG_WARN_RANGE_LOOP_ANALYSIS = YES;
				CLANG_WARN_STRICT_PROTOTYPES = YES;
				CLANG_WARN_SUSPICIOUS_MOVE = YES;
				CLANG_WARN_UNGUARDED_AVAILABILITY = YES_AGGRESSIVE;
				CLANG_WARN_UNREACHABLE_CODE = YES;
				CLANG_WARN__DUPLICATE_METHOD_MATCH = YES;
				COPY_PHASE_STRIP = NO;
				DEBUG_INFORMATION_FORMAT = dwarf;
				ENABLE_STRICT_OBJC_MSGSEND = YES;
				ENABLE_TESTABILITY = YES;
				ENABLE_USER_SCRIPT_SANDBOXING = YES;
				GCC_C_LANGUAGE_STANDARD = gnu17;
				GCC_DYNAMIC_NO_PIC = NO;
				GCC_NO_COMMON_BLOCKS = YES;
				GCC_OPTIMIZATION_LEVEL = 0;
				GCC_PREPROCESSOR_DEFINITIONS = (
					"DEBUG=1",
					"$(inherited)",
				);
				GCC_WARN_64_TO_32_BIT_CONVERSION = YES;
				GCC_WARN_ABOUT_RETURN_TYPE = YES_ERROR;
				GCC_WARN_UNDECLARED_SELECTOR = YES;
				GCC_WARN_UNINITIALIZED_AUTOS = YES_AGGRESSIVE;
				GCC_WARN_UNUSED_FUNCTION = YES;
				GCC_WARN_UNUSED_VARIABLE = YES;
				IPHONEOS_DEPLOYMENT_TARGET = 18.0;
				LOCALIZATION_PREFERS_STRING_CATALOGS = YES;
				MTL_ENABLE_DEBUG_INFO = INCLUDE_SOURCE;
				MTL_FAST_MATH = YES;
				ONLY_ACTIVE_ARCH = YES;
				SDKROOT = iphoneos;
				SWIFT_ACTIVE_COMPILATION_CONDITIONS = "DEBUG $(inherited)";
				SWIFT_OPTIMIZATION_LEVEL = "-Onone";
			};
			name = Debug;
		};
		84DA5B7D2C9B3131003DAA7B /* Release */ = {
			isa = XCBuildConfiguration;
			buildSettings = {
				ALWAYS_SEARCH_USER_PATHS = NO;
				ASSETCATALOG_COMPILER_GENERATE_SWIFT_ASSET_SYMBOL_EXTENSIONS = YES;
				CLANG_ANALYZER_NONNULL = YES;
				CLANG_ANALYZER_NUMBER_OBJECT_CONVERSION = YES_AGGRESSIVE;
				CLANG_CXX_LANGUAGE_STANDARD = "gnu++20";
				CLANG_ENABLE_MODULES = YES;
				CLANG_ENABLE_OBJC_ARC = YES;
				CLANG_ENABLE_OBJC_WEAK = YES;
				CLANG_WARN_BLOCK_CAPTURE_AUTORELEASING = YES;
				CLANG_WARN_BOOL_CONVERSION = YES;
				CLANG_WARN_COMMA = YES;
				CLANG_WARN_CONSTANT_CONVERSION = YES;
				CLANG_WARN_DEPRECATED_OBJC_IMPLEMENTATIONS = YES;
				CLANG_WARN_DIRECT_OBJC_ISA_USAGE = YES_ERROR;
				CLANG_WARN_DOCUMENTATION_COMMENTS = YES;
				CLANG_WARN_EMPTY_BODY = YES;
				CLANG_WARN_ENUM_CONVERSION = YES;
				CLANG_WARN_INFINITE_RECURSION = YES;
				CLANG_WARN_INT_CONVERSION = YES;
				CLANG_WARN_NON_LITERAL_NULL_CONVERSION = YES;
				CLANG_WARN_OBJC_IMPLICIT_RETAIN_SELF = YES;
				CLANG_WARN_OBJC_LITERAL_CONVERSION = YES;
				CLANG_WARN_OBJC_ROOT_CLASS = YES_ERROR;
				CLANG_WARN_QUOTED_INCLUDE_IN_FRAMEWORK_HEADER = YES;
				CLANG_WARN_RANGE_LOOP_ANALYSIS = YES;
				CLANG_WARN_STRICT_PROTOTYPES = YES;
				CLANG_WARN_SUSPICIOUS_MOVE = YES;
				CLANG_WARN_UNGUARDED_AVAILABILITY = YES_AGGRESSIVE;
				CLANG_WARN_UNREACHABLE_CODE = YES;
				CLANG_WARN__DUPLICATE_METHOD_MATCH = YES;
				COPY_PHASE_STRIP = NO;
				DEBUG_INFORMATION_FORMAT = "dwarf-with-dsym";
				ENABLE_NS_ASSERTIONS = NO;
				ENABLE_STRICT_OBJC_MSGSEND = YES;
				ENABLE_USER_SCRIPT_SANDBOXING = YES;
				GCC_C_LANGUAGE_STANDARD = gnu17;
				GCC_NO_COMMON_BLOCKS = YES;
				GCC_WARN_64_TO_32_BIT_CONVERSION = YES;
				GCC_WARN_ABOUT_RETURN_TYPE = YES_ERROR;
				GCC_WARN_UNDECLARED_SELECTOR = YES;
				GCC_WARN_UNINITIALIZED_AUTOS = YES_AGGRESSIVE;
				GCC_WARN_UNUSED_FUNCTION = YES;
				GCC_WARN_UNUSED_VARIABLE = YES;
				IPHONEOS_DEPLOYMENT_TARGET = 18.0;
				LOCALIZATION_PREFERS_STRING_CATALOGS = YES;
				MTL_ENABLE_DEBUG_INFO = NO;
				MTL_FAST_MATH = YES;
				SDKROOT = iphoneos;
				SWIFT_COMPILATION_MODE = wholemodule;
				VALIDATE_PRODUCT = YES;
			};
			name = Release;
		};
		84F436DA2C9BF7670079A525 /* Debug */ = {
			isa = XCBuildConfiguration;
			buildSettings = {
				BUNDLE_LOADER = "$(TEST_HOST)";
				CODE_SIGN_STYLE = Automatic;
				CURRENT_PROJECT_VERSION = 1;
				GENERATE_INFOPLIST_FILE = YES;
				MARKETING_VERSION = 1.0;
				PRODUCT_BUNDLE_IDENTIFIER = "russell.co.Coordinator-PatternTests";
				PRODUCT_NAME = "$(TARGET_NAME)";
				SWIFT_EMIT_LOC_STRINGS = NO;
				SWIFT_VERSION = 5.0;
				TARGETED_DEVICE_FAMILY = "1,2";
				TEST_HOST = "$(BUILT_PRODUCTS_DIR)/Coordinator_Pattern.app/$(BUNDLE_EXECUTABLE_FOLDER_PATH)/Coordinator_Pattern";
			};
			name = Debug;
		};
		84F436DB2C9BF7670079A525 /* Release */ = {
			isa = XCBuildConfiguration;
			buildSettings = {
				BUNDLE_LOADER = "$(TEST_HOST)";
				CODE_SIGN_STYLE = Automatic;
				CURRENT_PROJECT_VERSION = 1;
				GENERATE_INFOPLIST_FILE = YES;
				MARKETING_VERSION = 1.0;
				PRODUCT_BUNDLE_IDENTIFIER = "russell.co.Coordinator-PatternTests";
				PRODUCT_NAME = "$(TARGET_NAME)";
				SWIFT_EMIT_LOC_STRINGS = NO;
				SWIFT_VERSION = 5.0;
				TARGETED_DEVICE_FAMILY = "1,2";
				TEST_HOST = "$(BUILT_PRODUCTS_DIR)/Coordinator_Pattern.app/$(BUNDLE_EXECUTABLE_FOLDER_PATH)/Coordinator_Pattern";
			};
			name = Release;
		};
/* End XCBuildConfiguration section */

/* Begin XCConfigurationList section */
		84DA5B612C9B3130003DAA7B /* Build configuration list for PBXProject "Coordinator_Pattern" */ = {
			isa = XCConfigurationList;
			buildConfigurations = (
				84DA5B7C2C9B3131003DAA7B /* Debug */,
				84DA5B7D2C9B3131003DAA7B /* Release */,
			);
			defaultConfigurationIsVisible = 0;
			defaultConfigurationName = Release;
		};
		84DA5B792C9B3131003DAA7B /* Build configuration list for PBXNativeTarget "Coordinator_Pattern" */ = {
			isa = XCConfigurationList;
			buildConfigurations = (
				84DA5B7A2C9B3131003DAA7B /* Debug */,
				84DA5B7B2C9B3131003DAA7B /* Release */,
			);
			defaultConfigurationIsVisible = 0;
			defaultConfigurationName = Release;
		};
		84F436DC2C9BF7670079A525 /* Build configuration list for PBXNativeTarget "Coordinator_PatternTests" */ = {
			isa = XCConfigurationList;
			buildConfigurations = (
				84F436DA2C9BF7670079A525 /* Debug */,
				84F436DB2C9BF7670079A525 /* Release */,
			);
			defaultConfigurationIsVisible = 0;
			defaultConfigurationName = Release;
		};
/* End XCConfigurationList section */

/* Begin XCRemoteSwiftPackageReference section */
		84DA5BB72C9B33CD003DAA7B /* XCRemoteSwiftPackageReference "Kingfisher" */ = {
			isa = XCRemoteSwiftPackageReference;
			repositoryURL = "https://github.com/onevcat/Kingfisher";
			requirement = {
				kind = upToNextMajorVersion;
				minimumVersion = 8.0.1;
			};
		};
		84DA5BBA2C9B33E1003DAA7B /* XCRemoteSwiftPackageReference "SVProgressHUD" */ = {
			isa = XCRemoteSwiftPackageReference;
			repositoryURL = "https://github.com/SVProgressHUD/SVProgressHUD";
			requirement = {
				kind = upToNextMajorVersion;
				minimumVersion = 2.3.1;
			};
		};
/* End XCRemoteSwiftPackageReference section */

/* Begin XCSwiftPackageProductDependency section */
		84DA5BB82C9B33CD003DAA7B /* Kingfisher */ = {
			isa = XCSwiftPackageProductDependency;
			package = 84DA5BB72C9B33CD003DAA7B /* XCRemoteSwiftPackageReference "Kingfisher" */;
			productName = Kingfisher;
		};
		84DA5BBB2C9B33E1003DAA7B /* SVProgressHUD */ = {
			isa = XCSwiftPackageProductDependency;
			package = 84DA5BBA2C9B33E1003DAA7B /* XCRemoteSwiftPackageReference "SVProgressHUD" */;
			productName = SVProgressHUD;
		};
/* End XCSwiftPackageProductDependency section */

/* Begin XCVersionGroup section */
		84DA5BD52C9B3547003DAA7B /* PokemonDataModel.xcdatamodeld */ = {
			isa = XCVersionGroup;
			children = (
				84DA5BD62C9B3547003DAA7B /* PokemonDataModel.xcdatamodel */,
			);
			currentVersion = 84DA5BD62C9B3547003DAA7B /* PokemonDataModel.xcdatamodel */;
			path = PokemonDataModel.xcdatamodeld;
			sourceTree = "<group>";
			versionGroupType = wrapper.xcdatamodel;
		};
/* End XCVersionGroup section */
	};
	rootObject = 84DA5B5E2C9B3130003DAA7B /* Project object */;
}
